// !$*UTF8*$!
{
	archiveVersion = 1;
	classes = {
	};
	objectVersion = 46;
	objects = {

/* Begin PBXBuildFile section */
		C282645F1A872DAE00E439D9 /* AppDelegate.swift in Sources */ = {isa = PBXBuildFile; fileRef = C282645E1A872DAE00E439D9 /* AppDelegate.swift */; };
		C28264611A872DAE00E439D9 /* ViewController.swift in Sources */ = {isa = PBXBuildFile; fileRef = C28264601A872DAE00E439D9 /* ViewController.swift */; };
		C28264641A872DAE00E439D9 /* Main.storyboard in Resources */ = {isa = PBXBuildFile; fileRef = C28264621A872DAE00E439D9 /* Main.storyboard */; };
		C28264661A872DAE00E439D9 /* Images.xcassets in Resources */ = {isa = PBXBuildFile; fileRef = C28264651A872DAE00E439D9 /* Images.xcassets */; };
		C28264691A872DAE00E439D9 /* LaunchScreen.xib in Resources */ = {isa = PBXBuildFile; fileRef = C28264671A872DAE00E439D9 /* LaunchScreen.xib */; };
		C28264751A872DAE00E439D9 /* iOS8SwiftNSUserDefaultsTests.swift in Sources */ = {isa = PBXBuildFile; fileRef = C28264741A872DAE00E439D9 /* iOS8SwiftNSUserDefaultsTests.swift */; };
		C282647F1A87384900E439D9 /* README.md in Sources */ = {isa = PBXBuildFile; fileRef = C282647E1A87384900E439D9 /* README.md */; };
/* End PBXBuildFile section */

/* Begin PBXContainerItemProxy section */
		C282646F1A872DAE00E439D9 /* PBXContainerItemProxy */ = {
			isa = PBXContainerItemProxy;
			containerPortal = C28264511A872DAE00E439D9 /* Project object */;
			proxyType = 1;
			remoteGlobalIDString = C28264581A872DAE00E439D9;
			remoteInfo = iOS8SwiftNSUserDefaults;
		};
/* End PBXContainerItemProxy section */

/* Begin PBXFileReference section */
		C28264591A872DAE00E439D9 /* iOS8SwiftNSUserDefaults.app */ = {isa = PBXFileReference; explicitFileType = wrapper.application; includeInIndex = 0; path = iOS8SwiftNSUserDefaults.app; sourceTree = BUILT_PRODUCTS_DIR; };
		C282645D1A872DAE00E439D9 /* Info.plist */ = {isa = PBXFileReference; lastKnownFileType = text.plist.xml; path = Info.plist; sourceTree = "<group>"; };
		C282645E1A872DAE00E439D9 /* AppDelegate.swift */ = {isa = PBXFileReference; lastKnownFileType = sourcecode.swift; path = AppDelegate.swift; sourceTree = "<group>"; };
		C28264601A872DAE00E439D9 /* ViewController.swift */ = {isa = PBXFileReference; lastKnownFileType = sourcecode.swift; path = ViewController.swift; sourceTree = "<group>"; };
		C28264631A872DAE00E439D9 /* Base */ = {isa = PBXFileReference; lastKnownFileType = file.storyboard; name = Base; path = Base.lproj/Main.storyboard; sourceTree = "<group>"; };
		C28264651A872DAE00E439D9 /* Images.xcassets */ = {isa = PBXFileReference; lastKnownFileType = folder.assetcatalog; path = Images.xcassets; sourceTree = "<group>"; };
		C28264681A872DAE00E439D9 /* Base */ = {isa = PBXFileReference; lastKnownFileType = file.xib; name = Base; path = Base.lproj/LaunchScreen.xib; sourceTree = "<group>"; };
		C282646E1A872DAE00E439D9 /* iOS8SwiftNSUserDefaultsTests.xctest */ = {isa = PBXFileReference; explicitFileType = wrapper.cfbundle; includeInIndex = 0; path = iOS8SwiftNSUserDefaultsTests.xctest; sourceTree = BUILT_PRODUCTS_DIR; };
		C28264731A872DAE00E439D9 /* Info.plist */ = {isa = PBXFileReference; lastKnownFileType = text.plist.xml; path = Info.plist; sourceTree = "<group>"; };
		C28264741A872DAE00E439D9 /* iOS8SwiftNSUserDefaultsTests.swift */ = {isa = PBXFileReference; lastKnownFileType = sourcecode.swift; path = iOS8SwiftNSUserDefaultsTests.swift; sourceTree = "<group>"; };
		C282647E1A87384900E439D9 /* README.md */ = {isa = PBXFileReference; fileEncoding = 4; lastKnownFileType = net.daringfireball.markdown; path = README.md; sourceTree = "<group>"; };
/* End PBXFileReference section */

/* Begin PBXFrameworksBuildPhase section */
		C28264561A872DAE00E439D9 /* Frameworks */ = {
			isa = PBXFrameworksBuildPhase;
			buildActionMask = 2147483647;
			files = (
			);
			runOnlyForDeploymentPostprocessing = 0;
		};
		C282646B1A872DAE00E439D9 /* Frameworks */ = {
			isa = PBXFrameworksBuildPhase;
			buildActionMask = 2147483647;
			files = (
			);
			runOnlyForDeploymentPostprocessing = 0;
		};
/* End PBXFrameworksBuildPhase section */

/* Begin PBXGroup section */
		C28264501A872DAE00E439D9 = {
			isa = PBXGroup;
			children = (
				C282647E1A87384900E439D9 /* README.md */,
				C282645B1A872DAE00E439D9 /* iOS8SwiftNSUserDefaults */,
				C28264711A872DAE00E439D9 /* iOS8SwiftNSUserDefaultsTests */,
				C282645A1A872DAE00E439D9 /* Products */,
			);
			sourceTree = "<group>";
		};
		C282645A1A872DAE00E439D9 /* Products */ = {
			isa = PBXGroup;
			children = (
				C28264591A872DAE00E439D9 /* iOS8SwiftNSUserDefaults.app */,
				C282646E1A872DAE00E439D9 /* iOS8SwiftNSUserDefaultsTests.xctest */,
			);
			name = Products;
			sourceTree = "<group>";
		};
		C282645B1A872DAE00E439D9 /* iOS8SwiftNSUserDefaults */ = {
			isa = PBXGroup;
			children = (
				C282645E1A872DAE00E439D9 /* AppDelegate.swift */,
				C28264601A872DAE00E439D9 /* ViewController.swift */,
				C28264621A872DAE00E439D9 /* Main.storyboard */,
				C28264651A872DAE00E439D9 /* Images.xcassets */,
				C28264671A872DAE00E439D9 /* LaunchScreen.xib */,
				C282645C1A872DAE00E439D9 /* Supporting Files */,
			);
			path = iOS8SwiftNSUserDefaults;
			sourceTree = "<group>";
		};
		C282645C1A872DAE00E439D9 /* Supporting Files */ = {
			isa = PBXGroup;
			children = (
				C282645D1A872DAE00E439D9 /* Info.plist */,
			);
			name = "Supporting Files";
			sourceTree = "<group>";
		};
		C28264711A872DAE00E439D9 /* iOS8SwiftNSUserDefaultsTests */ = {
			isa = PBXGroup;
			children = (
				C28264741A872DAE00E439D9 /* iOS8SwiftNSUserDefaultsTests.swift */,
				C28264721A872DAE00E439D9 /* Supporting Files */,
			);
			path = iOS8SwiftNSUserDefaultsTests;
			sourceTree = "<group>";
		};
		C28264721A872DAE00E439D9 /* Supporting Files */ = {
			isa = PBXGroup;
			children = (
				C28264731A872DAE00E439D9 /* Info.plist */,
			);
			name = "Supporting Files";
			sourceTree = "<group>";
		};
/* End PBXGroup section */

/* Begin PBXNativeTarget section */
		C28264581A872DAE00E439D9 /* iOS8SwiftNSUserDefaults */ = {
			isa = PBXNativeTarget;
			buildConfigurationList = C28264781A872DAE00E439D9 /* Build configuration list for PBXNativeTarget "iOS8SwiftNSUserDefaults" */;
			buildPhases = (
				C28264551A872DAE00E439D9 /* Sources */,
				C28264561A872DAE00E439D9 /* Frameworks */,
				C28264571A872DAE00E439D9 /* Resources */,
			);
			buildRules = (
			);
			dependencies = (
			);
			name = iOS8SwiftNSUserDefaults;
			productName = iOS8SwiftNSUserDefaults;
			productReference = C28264591A872DAE00E439D9 /* iOS8SwiftNSUserDefaults.app */;
			productType = "com.apple.product-type.application";
		};
		C282646D1A872DAE00E439D9 /* iOS8SwiftNSUserDefaultsTests */ = {
			isa = PBXNativeTarget;
			buildConfigurationList = C282647B1A872DAE00E439D9 /* Build configuration list for PBXNativeTarget "iOS8SwiftNSUserDefaultsTests" */;
			buildPhases = (
				C282646A1A872DAE00E439D9 /* Sources */,
				C282646B1A872DAE00E439D9 /* Frameworks */,
				C282646C1A872DAE00E439D9 /* Resources */,
			);
			buildRules = (
			);
			dependencies = (
				C28264701A872DAE00E439D9 /* PBXTargetDependency */,
			);
			name = iOS8SwiftNSUserDefaultsTests;
			productName = iOS8SwiftNSUserDefaultsTests;
			productReference = C282646E1A872DAE00E439D9 /* iOS8SwiftNSUserDefaultsTests.xctest */;
			productType = "com.apple.product-type.bundle.unit-test";
		};
/* End PBXNativeTarget section */

/* Begin PBXProject section */
		C28264511A872DAE00E439D9 /* Project object */ = {
			isa = PBXProject;
			attributes = {
				LastUpgradeCheck = 0610;
				ORGANIZATIONNAME = Loxoll;
				TargetAttributes = {
					C28264581A872DAE00E439D9 = {
						CreatedOnToolsVersion = 6.1.1;
					};
					C282646D1A872DAE00E439D9 = {
						CreatedOnToolsVersion = 6.1.1;
						TestTargetID = C28264581A872DAE00E439D9;
					};
				};
			};
			buildConfigurationList = C28264541A872DAE00E439D9 /* Build configuration list for PBXProject "iOS8SwiftNSUserDefaults" */;
			compatibilityVersion = "Xcode 3.2";
			developmentRegion = English;
			hasScannedForEncodings = 0;
			knownRegions = (
				en,
				Base,
			);
			mainGroup = C28264501A872DAE00E439D9;
			productRefGroup = C282645A1A872DAE00E439D9 /* Products */;
			projectDirPath = "";
			projectRoot = "";
			targets = (
				C28264581A872DAE00E439D9 /* iOS8SwiftNSUserDefaults */,
				C282646D1A872DAE00E439D9 /* iOS8SwiftNSUserDefaultsTests */,
			);
		};
/* End PBXProject section */

/* Begin PBXResourcesBuildPhase section */
		C28264571A872DAE00E439D9 /* Resources */ = {
			isa = PBXResourcesBuildPhase;
			buildActionMask = 2147483647;
			files = (
				C28264641A872DAE00E439D9 /* Main.storyboard in Resources */,
				C28264691A872DAE00E439D9 /* LaunchScreen.xib in Resources */,
				C28264661A872DAE00E439D9 /* Images.xcassets in Resources */,
			);
			runOnlyForDeploymentPostprocessing = 0;
		};
		C282646C1A872DAE00E439D9 /* Resources */ = {
			isa = PBXResourcesBuildPhase;
			buildActionMask = 2147483647;
			files = (
			);
			runOnlyForDeploymentPostprocessing = 0;
		};
/* End PBXResourcesBuildPhase section */

/* Begin PBXSourcesBuildPhase section */
		C28264551A872DAE00E439D9 /* Sources */ = {
			isa = PBXSourcesBuildPhase;
			buildActionMask = 2147483647;
			files = (
				C282647F1A87384900E439D9 /* README.md in Sources */,
				C28264611A872DAE00E439D9 /* ViewController.swift in Sources */,
				C282645F1A872DAE00E439D9 /* AppDelegate.swift in Sources */,
			);
			runOnlyForDeploymentPostprocessing = 0;
		};
		C282646A1A872DAE00E439D9 /* Sources */ = {
			isa = PBXSourcesBuildPhase;
			buildActionMask = 2147483647;
			files = (
				C28264751A872DAE00E439D9 /* iOS8SwiftNSUserDefaultsTests.swift in Sources */,
			);
			runOnlyForDeploymentPostprocessing = 0;
		};
/* End PBXSourcesBuildPhase section */

/* Begin PBXTargetDependency section */
		C28264701A872DAE00E439D9 /* PBXTargetDependency */ = {
			isa = PBXTargetDependency;
			target = C28264581A872DAE00E439D9 /* iOS8SwiftNSUserDefaults */;
			targetProxy = C282646F1A872DAE00E439D9 /* PBXContainerItemProxy */;
		};
/* End PBXTargetDependency section */

/* Begin PBXVariantGroup section */
		C28264621A872DAE00E439D9 /* Main.storyboard */ = {
			isa = PBXVariantGroup;
			children = (
				C28264631A872DAE00E439D9 /* Base */,
			);
			name = Main.storyboard;
			sourceTree = "<group>";
		};
		C28264671A872DAE00E439D9 /* LaunchScreen.xib */ = {
			isa = PBXVariantGroup;
			children = (
				C28264681A872DAE00E439D9 /* Base */,
			);
			name = LaunchScreen.xib;
			sourceTree = "<group>";
		};
/* End PBXVariantGroup section */

/* Begin XCBuildConfiguration section */
		C28264761A872DAE00E439D9 /* Debug */ = {
			isa = XCBuildConfiguration;
			buildSettings = {
				ALWAYS_SEARCH_USER_PATHS = NO;
				CLANG_CXX_LANGUAGE_STANDARD = "gnu++0x";
				CLANG_CXX_LIBRARY = "libc++";
				CLANG_ENABLE_MODULES = YES;
				CLANG_ENABLE_OBJC_ARC = YES;
				CLANG_WARN_BOOL_CONVERSION = YES;
				CLANG_WARN_CONSTANT_CONVERSION = YES;
				CLANG_WARN_DIRECT_OBJC_ISA_USAGE = YES_ERROR;
				CLANG_WARN_EMPTY_BODY = YES;
				CLANG_WARN_ENUM_CONVERSION = YES;
				CLANG_WARN_INT_CONVERSION = YES;
				CLANG_WARN_OBJC_ROOT_CLASS = YES_ERROR;
				CLANG_WARN_UNREACHABLE_CODE = YES;
				CLANG_WARN__DUPLICATE_METHOD_MATCH = YES;
				"CODE_SIGN_IDENTITY[sdk=iphoneos*]" = "iPhone Developer";
				COPY_PHASE_STRIP = NO;
				ENABLE_STRICT_OBJC_MSGSEND = YES;
				GCC_C_LANGUAGE_STANDARD = gnu99;
				GCC_DYNAMIC_NO_PIC = NO;
				GCC_OPTIMIZATION_LEVEL = 0;
				GCC_PREPROCESSOR_DEFINITIONS = (
					"DEBUG=1",
					"$(inherited)",
				);
				GCC_SYMBOLS_PRIVATE_EXTERN = NO;
				GCC_WARN_64_TO_32_BIT_CONVERSION = YES;
				GCC_WARN_ABOUT_RETURN_TYPE = YES_ERROR;
				GCC_WARN_UNDECLARED_SELECTOR = YES;
				GCC_WARN_UNINITIALIZED_AUTOS = YES_AGGRESSIVE;
				GCC_WARN_UNUSED_FUNCTION = YES;
				GCC_WARN_UNUSED_VARIABLE = YES;
				IPHONEOS_DEPLOYMENT_TARGET = 8.1;
				MTL_ENABLE_DEBUG_INFO = YES;
				ONLY_ACTIVE_ARCH = YES;
				SDKROOT = iphoneos;
				SWIFT_OPTIMIZATION_LEVEL = "-Onone";
				TARGETED_DEVICE_FAMILY = "1,2";
			};
			name = Debug;
		};
		C28264771A872DAE00E439D9 /* Release */ = {
			isa = XCBuildConfiguration;
			buildSettings = {
				ALWAYS_SEARCH_USER_PATHS = NO;
				CLANG_CXX_LANGUAGE_STANDARD = "gnu++0x";
				CLANG_CXX_LIBRARY = "libc++";
				CLANG_ENABLE_MODULES = YES;
				CLANG_ENABLE_OBJC_ARC = YES;
				CLANG_WARN_BOOL_CONVERSION = YES;
				CLANG_WARN_CONSTANT_CONVERSION = YES;
				CLANG_WARN_DIRECT_OBJC_ISA_USAGE = YES_ERROR;
				CLANG_WARN_EMPTY_BODY = YES;
				CLANG_WARN_ENUM_CONVERSION = YES;
				CLANG_WARN_INT_CONVERSION = YES;
				CLANG_WARN_OBJC_ROOT_CLASS = YES_ERROR;
				CLANG_WARN_UNREACHABLE_CODE = YES;
				CLANG_WARN__DUPLICATE_METHOD_MATCH = YES;
				"CODE_SIGN_IDENTITY[sdk=iphoneos*]" = "iPhone Developer";
				COPY_PHASE_STRIP = YES;
				ENABLE_NS_ASSERTIONS = NO;
				ENABLE_STRICT_OBJC_MSGSEND = YES;
				GCC_C_LANGUAGE_STANDARD = gnu99;
				GCC_WARN_64_TO_32_BIT_CONVERSION = YES;
				GCC_WARN_ABOUT_RETURN_TYPE = YES_ERROR;
				GCC_WARN_UNDECLARED_SELECTOR = YES;
				GCC_WARN_UNINITIALIZED_AUTOS = YES_AGGRESSIVE;
				GCC_WARN_UNUSED_FUNCTION = YES;
				GCC_WARN_UNUSED_VARIABLE = YES;
				IPHONEOS_DEPLOYMENT_TARGET = 8.1;
				MTL_ENABLE_DEBUG_INFO = NO;
				SDKROOT = iphoneos;
				TARGETED_DEVICE_FAMILY = "1,2";
				VALIDATE_PRODUCT = YES;
			};
			name = Release;
		};
		C28264791A872DAE00E439D9 /* Debug */ = {
			isa = XCBuildConfiguration;
			buildSettings = {
				ASSETCATALOG_COMPILER_APPICON_NAME = AppIcon;
				INFOPLIST_FILE = iOS8SwiftNSUserDefaults/Info.plist;
				LD_RUNPATH_SEARCH_PATHS = "$(inherited) @executable_path/Frameworks";
				PRODUCT_NAME = "$(TARGET_NAME)";
			};
			name = Debug;
		};
		C282647A1A872DAE00E439D9 /* Release */ = {
			isa = XCBuildConfiguration;
			buildSettings = {
				ASSETCATALOG_COMPILER_APPICON_NAME = AppIcon;
				INFOPLIST_FILE = iOS8SwiftNSUserDefaults/Info.plist;
				LD_RUNPATH_SEARCH_PATHS = "$(inherited) @executable_path/Frameworks";
				PRODUCT_NAME = "$(TARGET_NAME)";
			};
			name = Release;
		};
		C282647C1A872DAE00E439D9 /* Debug */ = {
			isa = XCBuildConfiguration;
			buildSettings = {
				BUNDLE_LOADER = "$(TEST_HOST)";
				FRAMEWORK_SEARCH_PATHS = (
					"$(SDKROOT)/Developer/Library/Frameworks",
					"$(inherited)",
				);
				GCC_PREPROCESSOR_DEFINITIONS = (
					"DEBUG=1",
					"$(inherited)",
				);
				INFOPLIST_FILE = iOS8SwiftNSUserDefaultsTests/Info.plist;
				LD_RUNPATH_SEARCH_PATHS = "$(inherited) @executable_path/Frameworks @loader_path/Frameworks";
				PRODUCT_NAME = "$(TARGET_NAME)";
				TEST_HOST = "$(BUILT_PRODUCTS_DIR)/iOS8SwiftNSUserDefaults.app/iOS8SwiftNSUserDefaults";
			};
			name = Debug;
		};
		C282647D1A872DAE00E439D9 /* Release */ = {
			isa = XCBuildConfiguration;
			buildSettings = {
				BUNDLE_LOADER = "$(TEST_HOST)";
				FRAMEWORK_SEARCH_PATHS = (
					"$(SDKROOT)/Developer/Library/Frameworks",
					"$(inherited)",
				);
				INFOPLIST_FILE = iOS8SwiftNSUserDefaultsTests/Info.plist;
				LD_RUNPATH_SEARCH_PATHS = "$(inherited) @executable_path/Frameworks @loader_path/Frameworks";
				PRODUCT_NAME = "$(TARGET_NAME)";
				TEST_HOST = "$(BUILT_PRODUCTS_DIR)/iOS8SwiftNSUserDefaults.app/iOS8SwiftNSUserDefaults";
			};
			name = Release;
		};
/* End XCBuildConfiguration section */

/* Begin XCConfigurationList section */
		C28264541A872DAE00E439D9 /* Build configuration list for PBXProject "iOS8SwiftNSUserDefaults" */ = {
			isa = XCConfigurationList;
			buildConfigurations = (
				C28264761A872DAE00E439D9 /* Debug */,
				C28264771A872DAE00E439D9 /* Release */,
			);
			defaultConfigurationIsVisible = 0;
			defaultConfigurationName = Release;
		};
		C28264781A872DAE00E439D9 /* Build configuration list for PBXNativeTarget "iOS8SwiftNSUserDefaults" */ = {
			isa = XCConfigurationList;
			buildConfigurations = (
				C28264791A872DAE00E439D9 /* Debug */,
				C282647A1A872DAE00E439D9 /* Release */,
			);
			defaultConfigurationIsVisible = 0;
		};
		C282647B1A872DAE00E439D9 /* Build configuration list for PBXNativeTarget "iOS8SwiftNSUserDefaultsTests" */ = {
			isa = XCConfigurationList;
			buildConfigurations = (
				C282647C1A872DAE00E439D9 /* Debug */,
				C282647D1A872DAE00E439D9 /* Release */,
			);
			defaultConfigurationIsVisible = 0;
		};
/* End XCConfigurationList section */
	};
	rootObject = C28264511A872DAE00E439D9 /* Project object */;
}
